
Microsoft Visual Studio Solution File, Format Version 12.00
# Visual Studio Version 17
VisualStudioVersion = 17.2.32526.322
MinimumVisualStudioVersion = 10.0.40219.1
Project("{FAE04EC0-301F-11D3-BF4B-00C04F79EFBC}") = "Day2_Array", "Day2_Array\Day2_Array.csproj", "{8E730219-20C6-41BA-AB38-8A5932E7237B}"
EndProject
Global
	GlobalSection(SolutionConfigurationPlatforms) = preSolution
		Debug|Any CPU = Debug|Any CPU
		Release|Any CPU = Release|Any CPU
	EndGlobalSection
	GlobalSection(ProjectConfigurationPlatforms) = postSolution
		{8E730219-20C6-41BA-AB38-8A5932E7237B}.Debug|Any CPU.ActiveCfg = Debug|Any CPU
		{8E730219-20C6-41BA-AB38-8A5932E7237B}.Debug|Any CPU.Build.0 = Debug|Any CPU
		{8E730219-20C6-41BA-AB38-8A5932E7237B}.Release|Any CPU.ActiveCfg = Release|Any CPU
		{8E730219-20C6-41BA-AB38-8A5932E7237B}.Release|Any CPU.Build.0 = Release|Any CPU
	EndGlobalSection
	GlobalSection(SolutionProperties) = preSolution
		HideSolutionNode = FALSE
	EndGlobalSection
	GlobalSection(ExtensibilityGlobals) = postSolution
		SolutionGuid = {F4BBE58C-2556-4563-81AC-D94016EAF1BB}
	EndGlobalSection
EndGlobal
